# THIS IS AN AUTOGENERATED FILE. DO NOT EDIT THIS FILE DIRECTLY.
# yarn lockfile v1


"@types/graphql@^0.11.7":
  version "0.11.7"
  resolved "https://registry.yarnpkg.com/@types/graphql/-/graphql-0.11.7.tgz#da39a2f7c74e793e32e2bb7b3b68da1691532dd5"

"@types/requirejs@^2.1.31":
  version "2.1.31"
  resolved "https://registry.yarnpkg.com/@types/requirejs/-/requirejs-2.1.31.tgz#a24eaa0ee4f6b84feb8f521ca6550d48490b2bc6"
